
Microsoft Visual Studio Solution File, Format Version 12.00
# Visual Studio Version 16
VisualStudioVersion = 16.0.30406.217
MinimumVisualStudioVersion = 10.0.40219.1
Project("{FAE04EC0-301F-11D3-BF4B-00C04F79EFBC}") = "Question3", "Question3\Question3.csproj", "{FBEBEBF8-2425-4522-B54B-B7DB8C68A6BD}"
EndProject
Project("{FAE04EC0-301F-11D3-BF4B-00C04F79EFBC}") = "Question2", "Question2\Question2.csproj", "{5602503A-CCF4-41C3-B5BD-41919465C4BC}"
EndProject
Project("{FAE04EC0-301F-11D3-BF4B-00C04F79EFBC}") = "HomeTask", "HomeTask\HomeTask.csproj", "{31FFFDFD-EAB7-489F-83C3-2F4541117EC9}"
EndProject
Global
	GlobalSection(SolutionConfigurationPlatforms) = preSolution
		Debug|Any CPU = Debug|Any CPU
		Release|Any CPU = Release|Any CPU
	EndGlobalSection
	GlobalSection(ProjectConfigurationPlatforms) = postSolution
		{FBEBEBF8-2425-4522-B54B-B7DB8C68A6BD}.Debug|Any CPU.ActiveCfg = Debug|Any CPU
		{FBEBEBF8-2425-4522-B54B-B7DB8C68A6BD}.Debug|Any CPU.Build.0 = Debug|Any CPU
		{FBEBEBF8-2425-4522-B54B-B7DB8C68A6BD}.Release|Any CPU.ActiveCfg = Release|Any CPU
		{FBEBEBF8-2425-4522-B54B-B7DB8C68A6BD}.Release|Any CPU.Build.0 = Release|Any CPU
		{5602503A-CCF4-41C3-B5BD-41919465C4BC}.Debug|Any CPU.ActiveCfg = Debug|Any CPU
		{5602503A-CCF4-41C3-B5BD-41919465C4BC}.Debug|Any CPU.Build.0 = Debug|Any CPU
		{5602503A-CCF4-41C3-B5BD-41919465C4BC}.Release|Any CPU.ActiveCfg = Release|Any CPU
		{5602503A-CCF4-41C3-B5BD-41919465C4BC}.Release|Any CPU.Build.0 = Release|Any CPU
		{31FFFDFD-EAB7-489F-83C3-2F4541117EC9}.Debug|Any CPU.ActiveCfg = Debug|Any CPU
		{31FFFDFD-EAB7-489F-83C3-2F4541117EC9}.Debug|Any CPU.Build.0 = Debug|Any CPU
		{31FFFDFD-EAB7-489F-83C3-2F4541117EC9}.Release|Any CPU.ActiveCfg = Release|Any CPU
		{31FFFDFD-EAB7-489F-83C3-2F4541117EC9}.Release|Any CPU.Build.0 = Release|Any CPU
	EndGlobalSection
	GlobalSection(SolutionProperties) = preSolution
		HideSolutionNode = FALSE
	EndGlobalSection
	GlobalSection(ExtensibilityGlobals) = postSolution
		SolutionGuid = {08557E62-36E9-49C7-AAD1-F89EC73CDAD6}
	EndGlobalSection
EndGlobal
